
Microsoft Visual Studio Solution File, Format Version 12.00
# Visual Studio Version 17
VisualStudioVersion = 17.2.32516.85
MinimumVisualStudioVersion = 10.0.40219.1
Project("{FAE04EC0-301F-11D3-BF4B-00C04F79EFBC}") = "DaemonService", "DaemonService\DaemonService.csproj", "{622325A2-32F4-46C7-8173-BF9A2C432A74}"
EndProject
Global
	GlobalSection(SolutionConfigurationPlatforms) = preSolution
		Debug|Any CPU = Debug|Any CPU
		Release|Any CPU = Release|Any CPU
	EndGlobalSection
	GlobalSection(ProjectConfigurationPlatforms) = postSolution
		{622325A2-32F4-46C7-8173-BF9A2C432A74}.Debug|Any CPU.ActiveCfg = Debug|Any CPU
		{622325A2-32F4-46C7-8173-BF9A2C432A74}.Debug|Any CPU.Build.0 = Debug|Any CPU
		{622325A2-32F4-46C7-8173-BF9A2C432A74}.Release|Any CPU.ActiveCfg = Release|Any CPU
		{622325A2-32F4-46C7-8173-BF9A2C432A74}.Release|Any CPU.Build.0 = Release|Any CPU
	EndGlobalSection
	GlobalSection(SolutionProperties) = preSolution
		HideSolutionNode = FALSE
	EndGlobalSection
	GlobalSection(ExtensibilityGlobals) = postSolution
		SolutionGuid = {E1098C85-0EB6-429B-9856-0F56C38EC00D}
	EndGlobalSection
EndGlobal
